
Microsoft Visual Studio Solution File, Format Version 12.00
# Visual Studio 14
VisualStudioVersion = 14.0.25123.0
MinimumVisualStudioVersion = 10.0.40219.1
Project("{FAE04EC0-301F-11D3-BF4B-00C04F79EFBC}") = "ATPTennisStat.WPFClient", "ATPTennisStat\ATPTennisStat.WPFClient.csproj", "{7FAE46C1-B810-4023-8FFE-C870D3463224}"
EndProject
Project("{FAE04EC0-301F-11D3-BF4B-00C04F79EFBC}") = "ATPTennisStat.ConsoleClient", "ATPTennisStat.ConsoleClient\ATPTennisStat.ConsoleClient.csproj", "{E8A89F36-16CB-487E-8D99-38D981429D80}"
EndProject
Project("{FAE04EC0-301F-11D3-BF4B-00C04F79EFBC}") = "ATPTennisStat.Models", "ATPTennisStat.Models\ATPTennisStat.Models.csproj", "{12DE3FD9-6EBC-408D-AF51-1A7F7C712108}"
EndProject
Global
	GlobalSection(SolutionConfigurationPlatforms) = preSolution
		Debug|Any CPU = Debug|Any CPU
		Release|Any CPU = Release|Any CPU
	EndGlobalSection
	GlobalSection(ProjectConfigurationPlatforms) = postSolution
		{7FAE46C1-B810-4023-8FFE-C870D3463224}.Debug|Any CPU.ActiveCfg = Debug|Any CPU
		{7FAE46C1-B810-4023-8FFE-C870D3463224}.Debug|Any CPU.Build.0 = Debug|Any CPU
		{7FAE46C1-B810-4023-8FFE-C870D3463224}.Release|Any CPU.ActiveCfg = Release|Any CPU
		{7FAE46C1-B810-4023-8FFE-C870D3463224}.Release|Any CPU.Build.0 = Release|Any CPU
		{E8A89F36-16CB-487E-8D99-38D981429D80}.Debug|Any CPU.ActiveCfg = Debug|Any CPU
		{E8A89F36-16CB-487E-8D99-38D981429D80}.Debug|Any CPU.Build.0 = Debug|Any CPU
		{E8A89F36-16CB-487E-8D99-38D981429D80}.Release|Any CPU.ActiveCfg = Release|Any CPU
		{E8A89F36-16CB-487E-8D99-38D981429D80}.Release|Any CPU.Build.0 = Release|Any CPU
		{12DE3FD9-6EBC-408D-AF51-1A7F7C712108}.Debug|Any CPU.ActiveCfg = Debug|Any CPU
		{12DE3FD9-6EBC-408D-AF51-1A7F7C712108}.Debug|Any CPU.Build.0 = Debug|Any CPU
		{12DE3FD9-6EBC-408D-AF51-1A7F7C712108}.Release|Any CPU.ActiveCfg = Release|Any CPU
		{12DE3FD9-6EBC-408D-AF51-1A7F7C712108}.Release|Any CPU.Build.0 = Release|Any CPU
	EndGlobalSection
	GlobalSection(SolutionProperties) = preSolution
		HideSolutionNode = FALSE
	EndGlobalSection
EndGlobal
